// !$*UTF8*$!
{
	archiveVersion = 1;
	classes = {
	};
	objectVersion = 50;
	objects = {

/* Begin PBXBuildFile section */
		6E667F132530BC29004410B9 /* Array+Only.swift in Sources */ = {isa = PBXBuildFile; fileRef = 6E667F122530BC29004410B9 /* Array+Only.swift */; };
		6E667F1825325545004410B9 /* Pie.swift in Sources */ = {isa = PBXBuildFile; fileRef = 6E667F1725325545004410B9 /* Pie.swift */; };
		6E6A80F7252A8EDD00B5820E /* Grid.swift in Sources */ = {isa = PBXBuildFile; fileRef = 6E6A80F6252A8EDD00B5820E /* Grid.swift */; };
		6E6A810C252BD08200B5820E /* GridLayout.swift in Sources */ = {isa = PBXBuildFile; fileRef = 6E6A810B252BD08200B5820E /* GridLayout.swift */; };
		6E6A8111252E2DDD00B5820E /* Array+Identifiable.swift in Sources */ = {isa = PBXBuildFile; fileRef = 6E6A8110252E2DDC00B5820E /* Array+Identifiable.swift */; };
		6EB9AE83252677D100BC2B8E /* MemorizeApp.swift in Sources */ = {isa = PBXBuildFile; fileRef = 6EB9AE82252677D100BC2B8E /* MemorizeApp.swift */; };
		6EB9AE85252677D100BC2B8E /* EmojiMemoryGameView.swift in Sources */ = {isa = PBXBuildFile; fileRef = 6EB9AE84252677D100BC2B8E /* EmojiMemoryGameView.swift */; };
		6EB9AE87252677D200BC2B8E /* Assets.xcassets in Resources */ = {isa = PBXBuildFile; fileRef = 6EB9AE86252677D200BC2B8E /* Assets.xcassets */; };
		6EB9AE8A252677D200BC2B8E /* Preview Assets.xcassets in Resources */ = {isa = PBXBuildFile; fileRef = 6EB9AE89252677D200BC2B8E /* Preview Assets.xcassets */; };
		6EB9AE95252677D200BC2B8E /* MemorizeTests.swift in Sources */ = {isa = PBXBuildFile; fileRef = 6EB9AE94252677D200BC2B8E /* MemorizeTests.swift */; };
		6EB9AEA0252677D200BC2B8E /* MemorizeUITests.swift in Sources */ = {isa = PBXBuildFile; fileRef = 6EB9AE9F252677D200BC2B8E /* MemorizeUITests.swift */; };
		6EB9AEB12527F8B600BC2B8E /* MemoryGame.swift in Sources */ = {isa = PBXBuildFile; fileRef = 6EB9AEB02527F8B600BC2B8E /* MemoryGame.swift */; };
		6EB9AEB62527FAFC00BC2B8E /* EmojiMemoryGame.swift in Sources */ = {isa = PBXBuildFile; fileRef = 6EB9AEB52527FAFC00BC2B8E /* EmojiMemoryGame.swift */; };
/* End PBXBuildFile section */

/* Begin PBXContainerItemProxy section */
		6EB9AE91252677D200BC2B8E /* PBXContainerItemProxy */ = {
			isa = PBXContainerItemProxy;
			containerPortal = 6EB9AE77252677D100BC2B8E /* Project object */;
			proxyType = 1;
			remoteGlobalIDString = 6EB9AE7E252677D100BC2B8E;
			remoteInfo = Memorize;
		};
		6EB9AE9C252677D200BC2B8E /* PBXContainerItemProxy */ = {
			isa = PBXContainerItemProxy;
			containerPortal = 6EB9AE77252677D100BC2B8E /* Project object */;
			proxyType = 1;
			remoteGlobalIDString = 6EB9AE7E252677D100BC2B8E;
			remoteInfo = Memorize;
		};
/* End PBXContainerItemProxy section */

/* Begin PBXFileReference section */
		6E667F122530BC29004410B9 /* Array+Only.swift */ = {isa = PBXFileReference; lastKnownFileType = sourcecode.swift; path = "Array+Only.swift"; sourceTree = "<group>"; };
		6E667F1725325545004410B9 /* Pie.swift */ = {isa = PBXFileReference; lastKnownFileType = sourcecode.swift; path = Pie.swift; sourceTree = "<group>"; };
		6E6A80F6252A8EDD00B5820E /* Grid.swift */ = {isa = PBXFileReference; lastKnownFileType = sourcecode.swift; path = Grid.swift; sourceTree = "<group>"; };
		6E6A810B252BD08200B5820E /* GridLayout.swift */ = {isa = PBXFileReference; lastKnownFileType = sourcecode.swift; path = GridLayout.swift; sourceTree = "<group>"; };
		6E6A8110252E2DDC00B5820E /* Array+Identifiable.swift */ = {isa = PBXFileReference; lastKnownFileType = sourcecode.swift; path = "Array+Identifiable.swift"; sourceTree = "<group>"; };
		6EB9AE7F252677D100BC2B8E /* Memorize.app */ = {isa = PBXFileReference; explicitFileType = wrapper.application; includeInIndex = 0; path = Memorize.app; sourceTree = BUILT_PRODUCTS_DIR; };
		6EB9AE82252677D100BC2B8E /* MemorizeApp.swift */ = {isa = PBXFileReference; lastKnownFileType = sourcecode.swift; path = MemorizeApp.swift; sourceTree = "<group>"; };
		6EB9AE84252677D100BC2B8E /* EmojiMemoryGameView.swift */ = {isa = PBXFileReference; lastKnownFileType = sourcecode.swift; path = EmojiMemoryGameView.swift; sourceTree = "<group>"; };
		6EB9AE86252677D200BC2B8E /* Assets.xcassets */ = {isa = PBXFileReference; lastKnownFileType = folder.assetcatalog; path = Assets.xcassets; sourceTree = "<group>"; };
		6EB9AE89252677D200BC2B8E /* Preview Assets.xcassets */ = {isa = PBXFileReference; lastKnownFileType = folder.assetcatalog; path = "Preview Assets.xcassets"; sourceTree = "<group>"; };
		6EB9AE8B252677D200BC2B8E /* Info.plist */ = {isa = PBXFileReference; lastKnownFileType = text.plist.xml; path = Info.plist; sourceTree = "<group>"; };
		6EB9AE90252677D200BC2B8E /* MemorizeTests.xctest */ = {isa = PBXFileReference; explicitFileType = wrapper.cfbundle; includeInIndex = 0; path = MemorizeTests.xctest; sourceTree = BUILT_PRODUCTS_DIR; };
		6EB9AE94252677D200BC2B8E /* MemorizeTests.swift */ = {isa = PBXFileReference; lastKnownFileType = sourcecode.swift; path = MemorizeTests.swift; sourceTree = "<group>"; };
		6EB9AE96252677D200BC2B8E /* Info.plist */ = {isa = PBXFileReference; lastKnownFileType = text.plist.xml; path = Info.plist; sourceTree = "<group>"; };
		6EB9AE9B252677D200BC2B8E /* MemorizeUITests.xctest */ = {isa = PBXFileReference; explicitFileType = wrapper.cfbundle; includeInIndex = 0; path = MemorizeUITests.xctest; sourceTree = BUILT_PRODUCTS_DIR; };
		6EB9AE9F252677D200BC2B8E /* MemorizeUITests.swift */ = {isa = PBXFileReference; lastKnownFileType = sourcecode.swift; path = MemorizeUITests.swift; sourceTree = "<group>"; };
		6EB9AEA1252677D200BC2B8E /* Info.plist */ = {isa = PBXFileReference; lastKnownFileType = text.plist.xml; path = Info.plist; sourceTree = "<group>"; };
		6EB9AEB02527F8B600BC2B8E /* MemoryGame.swift */ = {isa = PBXFileReference; lastKnownFileType = sourcecode.swift; path = MemoryGame.swift; sourceTree = "<group>"; };
		6EB9AEB52527FAFC00BC2B8E /* EmojiMemoryGame.swift */ = {isa = PBXFileReference; lastKnownFileType = sourcecode.swift; path = EmojiMemoryGame.swift; sourceTree = "<group>"; };
/* End PBXFileReference section */

/* Begin PBXFrameworksBuildPhase section */
		6EB9AE7C252677D100BC2B8E /* Frameworks */ = {
			isa = PBXFrameworksBuildPhase;
			buildActionMask = 2147483647;
			files = (
			);
			runOnlyForDeploymentPostprocessing = 0;
		};
		6EB9AE8D252677D200BC2B8E /* Frameworks */ = {
			isa = PBXFrameworksBuildPhase;
			buildActionMask = 2147483647;
			files = (
			);
			runOnlyForDeploymentPostprocessing = 0;
		};
		6EB9AE98252677D200BC2B8E /* Frameworks */ = {
			isa = PBXFrameworksBuildPhase;
			buildActionMask = 2147483647;
			files = (
			);
			runOnlyForDeploymentPostprocessing = 0;
		};
/* End PBXFrameworksBuildPhase section */

/* Begin PBXGroup section */
		6EB9AE76252677D100BC2B8E = {
			isa = PBXGroup;
			children = (
				6EB9AE81252677D100BC2B8E /* Memorize */,
				6EB9AE93252677D200BC2B8E /* MemorizeTests */,
				6EB9AE9E252677D200BC2B8E /* MemorizeUITests */,
				6EB9AE80252677D100BC2B8E /* Products */,
			);
			sourceTree = "<group>";
		};
		6EB9AE80252677D100BC2B8E /* Products */ = {
			isa = PBXGroup;
			children = (
				6EB9AE7F252677D100BC2B8E /* Memorize.app */,
				6EB9AE90252677D200BC2B8E /* MemorizeTests.xctest */,
				6EB9AE9B252677D200BC2B8E /* MemorizeUITests.xctest */,
			);
			name = Products;
			sourceTree = "<group>";
		};
		6EB9AE81252677D100BC2B8E /* Memorize */ = {
			isa = PBXGroup;
			children = (
				6EB9AE82252677D100BC2B8E /* MemorizeApp.swift */,
				6EB9AE84252677D100BC2B8E /* EmojiMemoryGameView.swift */,
				6E667F1725325545004410B9 /* Pie.swift */,
				6E6A810B252BD08200B5820E /* GridLayout.swift */,
				6E6A80F6252A8EDD00B5820E /* Grid.swift */,
				6E6A8110252E2DDC00B5820E /* Array+Identifiable.swift */,
				6EB9AEB52527FAFC00BC2B8E /* EmojiMemoryGame.swift */,
				6EB9AEB02527F8B600BC2B8E /* MemoryGame.swift */,
				6E667F122530BC29004410B9 /* Array+Only.swift */,
				6EB9AE86252677D200BC2B8E /* Assets.xcassets */,
				6EB9AE8B252677D200BC2B8E /* Info.plist */,
				6EB9AE88252677D200BC2B8E /* Preview Content */,
			);
			path = Memorize;
			sourceTree = "<group>";
		};
		6EB9AE88252677D200BC2B8E /* Preview Content */ = {
			isa = PBXGroup;
			children = (
				6EB9AE89252677D200BC2B8E /* Preview Assets.xcassets */,
			);
			path = "Preview Content";
			sourceTree = "<group>";
		};
		6EB9AE93252677D200BC2B8E /* MemorizeTests */ = {
			isa = PBXGroup;
			children = (
				6EB9AE94252677D200BC2B8E /* MemorizeTests.swift */,
				6EB9AE96252677D200BC2B8E /* Info.plist */,
			);
			path = MemorizeTests;
			sourceTree = "<group>";
		};
		6EB9AE9E252677D200BC2B8E /* MemorizeUITests */ = {
			isa = PBXGroup;
			children = (
				6EB9AE9F252677D200BC2B8E /* MemorizeUITests.swift */,
				6EB9AEA1252677D200BC2B8E /* Info.plist */,
			);
			path = MemorizeUITests;
			sourceTree = "<group>";
		};
/* End PBXGroup section */

/* Begin PBXNativeTarget section */
		6EB9AE7E252677D100BC2B8E /* Memorize */ = {
			isa = PBXNativeTarget;
			buildConfigurationList = 6EB9AEA4252677D200BC2B8E /* Build configuration list for PBXNativeTarget "Memorize" */;
			buildPhases = (
				6EB9AE7B252677D100BC2B8E /* Sources */,
				6EB9AE7C252677D100BC2B8E /* Frameworks */,
				6EB9AE7D252677D100BC2B8E /* Resources */,
			);
			buildRules = (
			);
			dependencies = (
			);
			name = Memorize;
			productName = Memorize;
			productReference = 6EB9AE7F252677D100BC2B8E /* Memorize.app */;
			productType = "com.apple.product-type.application";
		};
		6EB9AE8F252677D200BC2B8E /* MemorizeTests */ = {
			isa = PBXNativeTarget;
			buildConfigurationList = 6EB9AEA7252677D200BC2B8E /* Build configuration list for PBXNativeTarget "MemorizeTests" */;
			buildPhases = (
				6EB9AE8C252677D200BC2B8E /* Sources */,
				6EB9AE8D252677D200BC2B8E /* Frameworks */,
				6EB9AE8E252677D200BC2B8E /* Resources */,
			);
			buildRules = (
			);
			dependencies = (
				6EB9AE92252677D200BC2B8E /* PBXTargetDependency */,
			);
			name = MemorizeTests;
			productName = MemorizeTests;
			productReference = 6EB9AE90252677D200BC2B8E /* MemorizeTests.xctest */;
			productType = "com.apple.product-type.bundle.unit-test";
		};
		6EB9AE9A252677D200BC2B8E /* MemorizeUITests */ = {
			isa = PBXNativeTarget;
			buildConfigurationList = 6EB9AEAA252677D200BC2B8E /* Build configuration list for PBXNativeTarget "MemorizeUITests" */;
			buildPhases = (
				6EB9AE97252677D200BC2B8E /* Sources */,
				6EB9AE98252677D200BC2B8E /* Frameworks */,
				6EB9AE99252677D200BC2B8E /* Resources */,
			);
			buildRules = (
			);
			dependencies = (
				6EB9AE9D252677D200BC2B8E /* PBXTargetDependency */,
			);
			name = MemorizeUITests;
			productName = MemorizeUITests;
			productReference = 6EB9AE9B252677D200BC2B8E /* MemorizeUITests.xctest */;
			productType = "com.apple.product-type.bundle.ui-testing";
		};
/* End PBXNativeTarget section */

/* Begin PBXProject section */
		6EB9AE77252677D100BC2B8E /* Project object */ = {
			isa = PBXProject;
			attributes = {
				LastSwiftUpdateCheck = 1220;
				LastUpgradeCheck = 1220;
				TargetAttributes = {
					6EB9AE7E252677D100BC2B8E = {
						CreatedOnToolsVersion = 12.2;
					};
					6EB9AE8F252677D200BC2B8E = {
						CreatedOnToolsVersion = 12.2;
						TestTargetID = 6EB9AE7E252677D100BC2B8E;
					};
					6EB9AE9A252677D200BC2B8E = {
						CreatedOnToolsVersion = 12.2;
						TestTargetID = 6EB9AE7E252677D100BC2B8E;
					};
				};
			};
			buildConfigurationList = 6EB9AE7A252677D100BC2B8E /* Build configuration list for PBXProject "Memorize" */;
			compatibilityVersion = "Xcode 9.3";
			developmentRegion = en;
			hasScannedForEncodings = 0;
			knownRegions = (
				en,
				Base,
			);
			mainGroup = 6EB9AE76252677D100BC2B8E;
			productRefGroup = 6EB9AE80252677D100BC2B8E /* Products */;
			projectDirPath = "";
			projectRoot = "";
			targets = (
				6EB9AE7E252677D100BC2B8E /* Memorize */,
				6EB9AE8F252677D200BC2B8E /* MemorizeTests */,
				6EB9AE9A252677D200BC2B8E /* MemorizeUITests */,
			);
		};
/* End PBXProject section */

/* Begin PBXResourcesBuildPhase section */
		6EB9AE7D252677D100BC2B8E /* Resources */ = {
			isa = PBXResourcesBuildPhase;
			buildActionMask = 2147483647;
			files = (
				6EB9AE8A252677D200BC2B8E /* Preview Assets.xcassets in Resources */,
				6EB9AE87252677D200BC2B8E /* Assets.xcassets in Resources */,
			);
			runOnlyForDeploymentPostprocessing = 0;
		};
		6EB9AE8E252677D200BC2B8E /* Resources */ = {
			isa = PBXResourcesBuildPhase;
			buildActionMask = 2147483647;
			files = (
			);
			runOnlyForDeploymentPostprocessing = 0;
		};
		6EB9AE99252677D200BC2B8E /* Resources */ = {
			isa = PBXResourcesBuildPhase;
			buildActionMask = 2147483647;
			files = (
			);
			runOnlyForDeploymentPostprocessing = 0;
		};
/* End PBXResourcesBuildPhase section */

/* Begin PBXSourcesBuildPhase section */
		6EB9AE7B252677D100BC2B8E /* Sources */ = {
			isa = PBXSourcesBuildPhase;
			buildActionMask = 2147483647;
			files = (
				6EB9AEB12527F8B600BC2B8E /* MemoryGame.swift in Sources */,
				6EB9AE85252677D100BC2B8E /* EmojiMemoryGameView.swift in Sources */,
				6EB9AE83252677D100BC2B8E /* MemorizeApp.swift in Sources */,
				6E667F1825325545004410B9 /* Pie.swift in Sources */,
				6E6A810C252BD08200B5820E /* GridLayout.swift in Sources */,
				6E6A80F7252A8EDD00B5820E /* Grid.swift in Sources */,
				6E6A8111252E2DDD00B5820E /* Array+Identifiable.swift in Sources */,
				6EB9AEB62527FAFC00BC2B8E /* EmojiMemoryGame.swift in Sources */,
				6E667F132530BC29004410B9 /* Array+Only.swift in Sources */,
			);
			runOnlyForDeploymentPostprocessing = 0;
		};
		6EB9AE8C252677D200BC2B8E /* Sources */ = {
			isa = PBXSourcesBuildPhase;
			buildActionMask = 2147483647;
			files = (
				6EB9AE95252677D200BC2B8E /* MemorizeTests.swift in Sources */,
			);
			runOnlyForDeploymentPostprocessing = 0;
		};
		6EB9AE97252677D200BC2B8E /* Sources */ = {
			isa = PBXSourcesBuildPhase;
			buildActionMask = 2147483647;
			files = (
				6EB9AEA0252677D200BC2B8E /* MemorizeUITests.swift in Sources */,
			);
			runOnlyForDeploymentPostprocessing = 0;
		};
/* End PBXSourcesBuildPhase section */

/* Begin PBXTargetDependency section */
		6EB9AE92252677D200BC2B8E /* PBXTargetDependency */ = {
			isa = PBXTargetDependency;
			target = 6EB9AE7E252677D100BC2B8E /* Memorize */;
			targetProxy = 6EB9AE91252677D200BC2B8E /* PBXContainerItemProxy */;
		};
		6EB9AE9D252677D200BC2B8E /* PBXTargetDependency */ = {
			isa = PBXTargetDependency;
			target = 6EB9AE7E252677D100BC2B8E /* Memorize */;
			targetProxy = 6EB9AE9C252677D200BC2B8E /* PBXContainerItemProxy */;
		};
/* End PBXTargetDependency section */

/* Begin XCBuildConfiguration section */
		6EB9AEA2252677D200BC2B8E /* Debug */ = {
			isa = XCBuildConfiguration;
			buildSettings = {
				ALWAYS_SEARCH_USER_PATHS = NO;
				CLANG_ANALYZER_NONNULL = YES;
				CLANG_ANALYZER_NUMBER_OBJECT_CONVERSION = YES_AGGRESSIVE;
				CLANG_CXX_LANGUAGE_STANDARD = "gnu++14";
				CLANG_CXX_LIBRARY = "libc++";
				CLANG_ENABLE_MODULES = YES;
				CLANG_ENABLE_OBJC_ARC = YES;
				CLANG_ENABLE_OBJC_WEAK = YES;
				CLANG_WARN_BLOCK_CAPTURE_AUTORELEASING = YES;
				CLANG_WARN_BOOL_CONVERSION = YES;
				CLANG_WARN_COMMA = YES;
				CLANG_WARN_CONSTANT_CONVERSION = YES;
				CLANG_WARN_DEPRECATED_OBJC_IMPLEMENTATIONS = YES;
				CLANG_WARN_DIRECT_OBJC_ISA_USAGE = YES_ERROR;
				CLANG_WARN_DOCUMENTATION_COMMENTS = YES;
				CLANG_WARN_EMPTY_BODY = YES;
				CLANG_WARN_ENUM_CONVERSION = YES;
				CLANG_WARN_INFINITE_RECURSION = YES;
				CLANG_WARN_INT_CONVERSION = YES;
				CLANG_WARN_NON_LITERAL_NULL_CONVERSION = YES;
				CLANG_WARN_OBJC_IMPLICIT_RETAIN_SELF = YES;
				CLANG_WARN_OBJC_LITERAL_CONVERSION = YES;
				CLANG_WARN_OBJC_ROOT_CLASS = YES_ERROR;
				CLANG_WARN_QUOTED_INCLUDE_IN_FRAMEWORK_HEADER = YES;
				CLANG_WARN_RANGE_LOOP_ANALYSIS = YES;
				CLANG_WARN_STRICT_PROTOTYPES = YES;
				CLANG_WARN_SUSPICIOUS_MOVE = YES;
				CLANG_WARN_UNGUARDED_AVAILABILITY = YES_AGGRESSIVE;
				CLANG_WARN_UNREACHABLE_CODE = YES;
				CLANG_WARN__DUPLICATE_METHOD_MATCH = YES;
				COPY_PHASE_STRIP = NO;
				DEBUG_INFORMATION_FORMAT = dwarf;
				ENABLE_STRICT_OBJC_MSGSEND = YES;
				ENABLE_TESTABILITY = YES;
				GCC_C_LANGUAGE_STANDARD = gnu11;
				GCC_DYNAMIC_NO_PIC = NO;
				GCC_NO_COMMON_BLOCKS = YES;
				GCC_OPTIMIZATION_LEVEL = 0;
				GCC_PREPROCESSOR_DEFINITIONS = (
					"DEBUG=1",
					"$(inherited)",
				);
				GCC_WARN_64_TO_32_BIT_CONVERSION = YES;
				GCC_WARN_ABOUT_RETURN_TYPE = YES_ERROR;
				GCC_WARN_UNDECLARED_SELECTOR = YES;
				GCC_WARN_UNINITIALIZED_AUTOS = YES_AGGRESSIVE;
				GCC_WARN_UNUSED_FUNCTION = YES;
				GCC_WARN_UNUSED_VARIABLE = YES;
				IPHONEOS_DEPLOYMENT_TARGET = 14.2;
				MTL_ENABLE_DEBUG_INFO = INCLUDE_SOURCE;
				MTL_FAST_MATH = YES;
				ONLY_ACTIVE_ARCH = YES;
				SDKROOT = iphoneos;
				SWIFT_ACTIVE_COMPILATION_CONDITIONS = DEBUG;
				SWIFT_OPTIMIZATION_LEVEL = "-Onone";
			};
			name = Debug;
		};
		6EB9AEA3252677D200BC2B8E /* Release */ = {
			isa = XCBuildConfiguration;
			buildSettings = {
				ALWAYS_SEARCH_USER_PATHS = NO;
				CLANG_ANALYZER_NONNULL = YES;
				CLANG_ANALYZER_NUMBER_OBJECT_CONVERSION = YES_AGGRESSIVE;
				CLANG_CXX_LANGUAGE_STANDARD = "gnu++14";
				CLANG_CXX_LIBRARY = "libc++";
				CLANG_ENABLE_MODULES = YES;
				CLANG_ENABLE_OBJC_ARC = YES;
				CLANG_ENABLE_OBJC_WEAK = YES;
				CLANG_WARN_BLOCK_CAPTURE_AUTORELEASING = YES;
				CLANG_WARN_BOOL_CONVERSION = YES;
				CLANG_WARN_COMMA = YES;
				CLANG_WARN_CONSTANT_CONVERSION = YES;
				CLANG_WARN_DEPRECATED_OBJC_IMPLEMENTATIONS = YES;
				CLANG_WARN_DIRECT_OBJC_ISA_USAGE = YES_ERROR;
				CLANG_WARN_DOCUMENTATION_COMMENTS = YES;
				CLANG_WARN_EMPTY_BODY = YES;
				CLANG_WARN_ENUM_CONVERSION = YES;
				CLANG_WARN_INFINITE_RECURSION = YES;
				CLANG_WARN_INT_CONVERSION = YES;
				CLANG_WARN_NON_LITERAL_NULL_CONVERSION = YES;
				CLANG_WARN_OBJC_IMPLICIT_RETAIN_SELF = YES;
				CLANG_WARN_OBJC_LITERAL_CONVERSION = YES;
				CLANG_WARN_OBJC_ROOT_CLASS = YES_ERROR;
				CLANG_WARN_QUOTED_INCLUDE_IN_FRAMEWORK_HEADER = YES;
				CLANG_WARN_RANGE_LOOP_ANALYSIS = YES;
				CLANG_WARN_STRICT_PROTOTYPES = YES;
				CLANG_WARN_SUSPICIOUS_MOVE = YES;
				CLANG_WARN_UNGUARDED_AVAILABILITY = YES_AGGRESSIVE;
				CLANG_WARN_UNREACHABLE_CODE = YES;
				CLANG_WARN__DUPLICATE_METHOD_MATCH = YES;
				COPY_PHASE_STRIP = NO;
				DEBUG_INFORMATION_FORMAT = "dwarf-with-dsym";
				ENABLE_NS_ASSERTIONS = NO;
				ENABLE_STRICT_OBJC_MSGSEND = YES;
				GCC_C_LANGUAGE_STANDARD = gnu11;
				GCC_NO_COMMON_BLOCKS = YES;
				GCC_WARN_64_TO_32_BIT_CONVERSION = YES;
				GCC_WARN_ABOUT_RETURN_TYPE = YES_ERROR;
				GCC_WARN_UNDECLARED_SELECTOR = YES;
				GCC_WARN_UNINITIALIZED_AUTOS = YES_AGGRESSIVE;
				GCC_WARN_UNUSED_FUNCTION = YES;
				GCC_WARN_UNUSED_VARIABLE = YES;
				IPHONEOS_DEPLOYMENT_TARGET = 14.2;
				MTL_ENABLE_DEBUG_INFO = NO;
				MTL_FAST_MATH = YES;
				SDKROOT = iphoneos;
				SWIFT_COMPILATION_MODE = wholemodule;
				SWIFT_OPTIMIZATION_LEVEL = "-O";
				VALIDATE_PRODUCT = YES;
			};
			name = Release;
		};
		6EB9AEA5252677D200BC2B8E /* Debug */ = {
			isa = XCBuildConfiguration;
			buildSettings = {
				ASSETCATALOG_COMPILER_APPICON_NAME = AppIcon;
				ASSETCATALOG_COMPILER_GLOBAL_ACCENT_COLOR_NAME = AccentColor;
				CODE_SIGN_STYLE = Automatic;
				DEVELOPMENT_ASSET_PATHS = "\"Memorize/Preview Content\"";
				DEVELOPMENT_TEAM = 84VX9ZX5F9;
				ENABLE_PREVIEWS = YES;
				INFOPLIST_FILE = Memorize/Info.plist;
				IPHONEOS_DEPLOYMENT_TARGET = 14.0;
				LD_RUNPATH_SEARCH_PATHS = (
					"$(inherited)",
					"@executable_path/Frameworks",
				);
				PRODUCT_BUNDLE_IDENTIFIER = org.erichou.Memorize;
				PRODUCT_NAME = "$(TARGET_NAME)";
				SWIFT_VERSION = 5.0;
				TARGETED_DEVICE_FAMILY = "1,2";
			};
			name = Debug;
		};
		6EB9AEA6252677D200BC2B8E /* Release */ = {
			isa = XCBuildConfiguration;
			buildSettings = {
				ASSETCATALOG_COMPILER_APPICON_NAME = AppIcon;
				ASSETCATALOG_COMPILER_GLOBAL_ACCENT_COLOR_NAME = AccentColor;
				CODE_SIGN_STYLE = Automatic;
				DEVELOPMENT_ASSET_PATHS = "\"Memorize/Preview Content\"";
				DEVELOPMENT_TEAM = 84VX9ZX5F9;
				ENABLE_PREVIEWS = YES;
				INFOPLIST_FILE = Memorize/Info.plist;
				IPHONEOS_DEPLOYMENT_TARGET = 14.0;
				LD_RUNPATH_SEARCH_PATHS = (
					"$(inherited)",
					"@executable_path/Frameworks",
				);
				PRODUCT_BUNDLE_IDENTIFIER = org.erichou.Memorize;
				PRODUCT_NAME = "$(TARGET_NAME)";
				SWIFT_VERSION = 5.0;
				TARGETED_DEVICE_FAMILY = "1,2";
			};
			name = Release;
		};
		6EB9AEA8252677D200BC2B8E /* Debug */ = {
			isa = XCBuildConfiguration;
			buildSettings = {
				ALWAYS_EMBED_SWIFT_STANDARD_LIBRARIES = YES;
				BUNDLE_LOADER = "$(TEST_HOST)";
				CODE_SIGN_STYLE = Automatic;
				DEVELOPMENT_TEAM = 84VX9ZX5F9;
				INFOPLIST_FILE = MemorizeTests/Info.plist;
				IPHONEOS_DEPLOYMENT_TARGET = 14.0;
				LD_RUNPATH_SEARCH_PATHS = (
					"$(inherited)",
					"@executable_path/Frameworks",
					"@loader_path/Frameworks",
				);
				PRODUCT_BUNDLE_IDENTIFIER = org.erichou.MemorizeTests;
				PRODUCT_NAME = "$(TARGET_NAME)";
				SWIFT_VERSION = 5.0;
				TARGETED_DEVICE_FAMILY = "1,2";
				TEST_HOST = "$(BUILT_PRODUCTS_DIR)/Memorize.app/Memorize";
			};
			name = Debug;
		};
		6EB9AEA9252677D200BC2B8E /* Release */ = {
			isa = XCBuildConfiguration;
			buildSettings = {
				ALWAYS_EMBED_SWIFT_STANDARD_LIBRARIES = YES;
				BUNDLE_LOADER = "$(TEST_HOST)";
				CODE_SIGN_STYLE = Automatic;
				DEVELOPMENT_TEAM = 84VX9ZX5F9;
				INFOPLIST_FILE = MemorizeTests/Info.plist;
				IPHONEOS_DEPLOYMENT_TARGET = 14.0;
				LD_RUNPATH_SEARCH_PATHS = (
					"$(inherited)",
					"@executable_path/Frameworks",
					"@loader_path/Frameworks",
				);
				PRODUCT_BUNDLE_IDENTIFIER = org.erichou.MemorizeTests;
				PRODUCT_NAME = "$(TARGET_NAME)";
				SWIFT_VERSION = 5.0;
				TARGETED_DEVICE_FAMILY = "1,2";
				TEST_HOST = "$(BUILT_PRODUCTS_DIR)/Memorize.app/Memorize";
			};
			name = Release;
		};
		6EB9AEAB252677D200BC2B8E /* Debug */ = {
			isa = XCBuildConfiguration;
			buildSettings = {
				ALWAYS_EMBED_SWIFT_STANDARD_LIBRARIES = YES;
				CODE_SIGN_STYLE = Automatic;
				DEVELOPMENT_TEAM = 84VX9ZX5F9;
				INFOPLIST_FILE = MemorizeUITests/Info.plist;
				LD_RUNPATH_SEARCH_PATHS = (
					"$(inherited)",
					"@executable_path/Frameworks",
					"@loader_path/Frameworks",
				);
				PRODUCT_BUNDLE_IDENTIFIER = org.erichou.MemorizeUITests;
				PRODUCT_NAME = "$(TARGET_NAME)";
				SWIFT_VERSION = 5.0;
				TARGETED_DEVICE_FAMILY = "1,2";
				TEST_TARGET_NAME = Memorize;
			};
			name = Debug;
		};
		6EB9AEAC252677D200BC2B8E /* Release */ = {
			isa = XCBuildConfiguration;
			buildSettings = {
				ALWAYS_EMBED_SWIFT_STANDARD_LIBRARIES = YES;
				CODE_SIGN_STYLE = Automatic;
				DEVELOPMENT_TEAM = 84VX9ZX5F9;
				INFOPLIST_FILE = MemorizeUITests/Info.plist;
				LD_RUNPATH_SEARCH_PATHS = (
					"$(inherited)",
					"@executable_path/Frameworks",
					"@loader_path/Frameworks",
				);
				PRODUCT_BUNDLE_IDENTIFIER = org.erichou.MemorizeUITests;
				PRODUCT_NAME = "$(TARGET_NAME)";
				SWIFT_VERSION = 5.0;
				TARGETED_DEVICE_FAMILY = "1,2";
				TEST_TARGET_NAME = Memorize;
			};
			name = Release;
		};
/* End XCBuildConfiguration section */

/* Begin XCConfigurationList section */
		6EB9AE7A252677D100BC2B8E /* Build configuration list for PBXProject "Memorize" */ = {
			isa = XCConfigurationList;
			buildConfigurations = (
				6EB9AEA2252677D200BC2B8E /* Debug */,
				6EB9AEA3252677D200BC2B8E /* Release */,
			);
			defaultConfigurationIsVisible = 0;
			defaultConfigurationName = Release;
		};
		6EB9AEA4252677D200BC2B8E /* Build configuration list for PBXNativeTarget "Memorize" */ = {
			isa = XCConfigurationList;
			buildConfigurations = (
				6EB9AEA5252677D200BC2B8E /* Debug */,
				6EB9AEA6252677D200BC2B8E /* Release */,
			);
			defaultConfigurationIsVisible = 0;
			defaultConfigurationName = Release;
		};
		6EB9AEA7252677D200BC2B8E /* Build configuration list for PBXNativeTarget "MemorizeTests" */ = {
			isa = XCConfigurationList;
			buildConfigurations = (
				6EB9AEA8252677D200BC2B8E /* Debug */,
				6EB9AEA9252677D200BC2B8E /* Release */,
			);
			defaultConfigurationIsVisible = 0;
			defaultConfigurationName = Release;
		};
		6EB9AEAA252677D200BC2B8E /* Build configuration list for PBXNativeTarget "MemorizeUITests" */ = {
			isa = XCConfigurationList;
			buildConfigurations = (
				6EB9AEAB252677D200BC2B8E /* Debug */,
				6EB9AEAC252677D200BC2B8E /* Release */,
			);
			defaultConfigurationIsVisible = 0;
			defaultConfigurationName = Release;
		};
/* End XCConfigurationList section */
	};
	rootObject = 6EB9AE77252677D100BC2B8E /* Project object */;
}
